
Microsoft Visual Studio Solution File, Format Version 11.00
# Visual Studio 2010
Project("{FAE04EC0-301F-11D3-BF4B-00C04F79EFBC}") = "SqlCommandVisualizer", "SqlCommandVisualizer\SqlCommandVisualizer.csproj", "{5F190D74-5122-4CA2-8206-04B1970127FC}"
EndProject
Global
	GlobalSection(SolutionConfigurationPlatforms) = preSolution
		Debug|Any CPU = Debug|Any CPU
		Release|Any CPU = Release|Any CPU
	EndGlobalSection
	GlobalSection(ProjectConfigurationPlatforms) = postSolution
		{5F190D74-5122-4CA2-8206-04B1970127FC}.Debug|Any CPU.ActiveCfg = Debug|Any CPU
		{5F190D74-5122-4CA2-8206-04B1970127FC}.Debug|Any CPU.Build.0 = Debug|Any CPU
		{5F190D74-5122-4CA2-8206-04B1970127FC}.Release|Any CPU.ActiveCfg = Release|Any CPU
		{5F190D74-5122-4CA2-8206-04B1970127FC}.Release|Any CPU.Build.0 = Release|Any CPU
	EndGlobalSection
	GlobalSection(SolutionProperties) = preSolution
		HideSolutionNode = FALSE
	EndGlobalSection
EndGlobal
